
Microsoft Visual Studio Solution File, Format Version 12.00
# Visual Studio 2012
Project("{FAE04EC0-301F-11D3-BF4B-00C04F79EFBC}") = "sem4_paw", "sem4_paw\sem4_paw.csproj", "{A5694FB2-3AB8-484A-AF20-E2BBBBC2AD53}"
EndProject
Global
	GlobalSection(SolutionConfigurationPlatforms) = preSolution
		Debug|Any CPU = Debug|Any CPU
		Release|Any CPU = Release|Any CPU
	EndGlobalSection
	GlobalSection(ProjectConfigurationPlatforms) = postSolution
		{A5694FB2-3AB8-484A-AF20-E2BBBBC2AD53}.Debug|Any CPU.ActiveCfg = Debug|Any CPU
		{A5694FB2-3AB8-484A-AF20-E2BBBBC2AD53}.Debug|Any CPU.Build.0 = Debug|Any CPU
		{A5694FB2-3AB8-484A-AF20-E2BBBBC2AD53}.Release|Any CPU.ActiveCfg = Release|Any CPU
		{A5694FB2-3AB8-484A-AF20-E2BBBBC2AD53}.Release|Any CPU.Build.0 = Release|Any CPU
	EndGlobalSection
	GlobalSection(SolutionProperties) = preSolution
		HideSolutionNode = FALSE
	EndGlobalSection
EndGlobal
